{
  "version": 4,
  "terraform_version": "1.1.3",
  "serial": 1,
  "lineage": "6387ad2b-4363-bbba-e421-6c6cff7b9570",
  "outputs": {},
  "resources": [
    {
      "mode": "managed",
      "type": "proxmox_vm_qemu",
      "name": "test_server",
      "provider": "provider[\"registry.terraform.io/telmate/proxmox\"]",
      "instances": [
        {
          "index_key": 0,
          "status": "tainted",
          "schema_version": 0,
          "attributes": {
            "additional_wait": 0,
            "agent": 1,
            "args": null,
            "automatic_reboot": true,
            "balloon": 0,
            "bios": "seabios",
            "boot": "c",
            "bootdisk": "scsi0",
            "bridge": null,
            "ci_wait": null,
            "cicustom": null,
            "cipassword": null,
            "ciuser": null,
            "clone": "template-ubuntu-20.04",
            "clone_wait": 0,
            "cloudinit_cdrom_storage": null,
            "cores": 2,
            "cpu": "host",
            "default_ipv4_address": null,
            "define_connection_info": true,
            "desc": null,
            "disk": [
              {
                "aio": "",
                "backup": 0,
                "cache": "none",
                "discard": "",
                "file": "",
                "format": "",
                "iothread": 1,
                "mbps": 0,
                "mbps_rd": 0,
                "mbps_rd_max": 0,
                "mbps_wr": 0,
                "mbps_wr_max": 0,
                "media": "",
                "replicate": 0,
                "size": "32G",
                "slot": 0,
                "ssd": 0,
                "storage": "local-lvm",
                "storage_type": "",
                "type": "scsi",
                "volume": ""
              }
            ],
            "disk_gb": null,
            "force_create": false,
            "force_recreate_on_change_of": null,
            "full_clone": true,
            "guest_agent_ready_timeout": 100,
            "hagroup": null,
            "hastate": null,
            "hotplug": "network,disk,usb",
            "id": "pve0/qemu/101",
            "ipconfig0": "ip=10.98.1.91/24,gw=10.98.1.1",
            "ipconfig1": null,
            "ipconfig2": null,
            "ipconfig3": null,
            "ipconfig4": null,
            "ipconfig5": null,
            "iso": null,
            "kvm": true,
            "mac": null,
            "memory": 2048,
            "name": "test-vm-1",
            "nameserver": null,
            "network": [
              {
                "bridge": "vmbr0",
                "firewall": false,
                "link_down": false,
                "macaddr": "",
                "model": "virtio",
                "mtu": 0,
                "queues": 0,
                "rate": 0,
                "tag": -1
              }
            ],
            "nic": null,
            "numa": false,
            "onboot": false,
            "oncreate": true,
            "os_network_config": null,
            "os_type": "cloud-init",
            "pool": null,
            "preprovision": true,
            "pxe": null,
            "qemu_os": null,
            "reboot_required": null,
            "scsihw": "virtio-scsi-pci",
            "searchdomain": null,
            "serial": [],
            "sockets": 1,
            "ssh_forward_ip": null,
            "ssh_host": null,
            "ssh_port": null,
            "ssh_private_key": null,
            "ssh_user": null,
            "sshkeys": "  ssh-rsa AAAAB3NzaC1yc2EAAAADAQABAAABAQC4I2WT8OguPx903G7sFNnOcEo90rXSz+kAz5g1cyNLCyie3iBSksOGt+O8KEVHawIw3a3DPNYpCEE+S1HsYH7MRModpWyrAo3c3cwo6A4W662GGZObV0s5CNw8wgezGOWAjob6hiYKIleNxiuzDsbvdY39d02fZ2kYAZSaBkEeami3nTJewMfr8vSegcvBMvCbwbJTdM3JoG4Ksb41QkZFa6aFFj8ohyE5K0kkE3oSgLf8EEUDNmTdarWvxv16H7JyQsNXHF/qs82ApUqSC1+nimJ5RpAPNgt5e1xX71xyxncvAW6e9ayrgZXbCsf6eFIQJthh5YXlAOaVsSkDeur/\r\n",
            "storage": null,
            "storage_type": null,
            "tablet": true,
            "tags": null,
            "target_node": "pve0",
            "timeouts": null,
            "unused_disk": null,
            "usb": [],
            "vcpus": 0,
            "vga": [],
            "vlan": -1,
            "vmid": null
          },
          "sensitive_attributes": [],
          "private": "eyJlMmJmYjczMC1lY2FhLTExZTYtOGY4OC0zNDM2M2JjN2M0YzAiOnsiY3JlYXRlIjozMDAwMDAwMDAwMDAsImRlZmF1bHQiOjMwMDAwMDAwMDAwMCwiZGVsZXRlIjoxODAwMDAwMDAwMDAsInJlYWQiOjE4MDAwMDAwMDAwMCwidXBkYXRlIjoxODAwMDAwMDAwMDB9fQ=="
        }
      ]
    }
  ]
}
